
Microsoft Visual Studio Solution File, Format Version 12.00
# Visual Studio Version 17
VisualStudioVersion = 17.5.002.0
MinimumVisualStudioVersion = 10.0.40219.1
Project("{9A19103F-16F7-4668-BE54-9A1E7A4F7556}") = "CalculatePoints", "CalculatePoints.csproj", "{CFFA861A-59A3-4425-8BBA-EB1925574AE0}"
EndProject
Global
	GlobalSection(SolutionConfigurationPlatforms) = preSolution
		Debug|Any CPU = Debug|Any CPU
		Release|Any CPU = Release|Any CPU
	EndGlobalSection
	GlobalSection(ProjectConfigurationPlatforms) = postSolution
		{CFFA861A-59A3-4425-8BBA-EB1925574AE0}.Debug|Any CPU.ActiveCfg = Debug|Any CPU
		{CFFA861A-59A3-4425-8BBA-EB1925574AE0}.Debug|Any CPU.Build.0 = Debug|Any CPU
		{CFFA861A-59A3-4425-8BBA-EB1925574AE0}.Release|Any CPU.ActiveCfg = Release|Any CPU
		{CFFA861A-59A3-4425-8BBA-EB1925574AE0}.Release|Any CPU.Build.0 = Release|Any CPU
	EndGlobalSection
	GlobalSection(SolutionProperties) = preSolution
		HideSolutionNode = FALSE
	EndGlobalSection
	GlobalSection(ExtensibilityGlobals) = postSolution
		SolutionGuid = {C243BDDB-A9A2-460E-BDDC-13F79D4A8249}
	EndGlobalSection
EndGlobal
